
Microsoft Visual Studio Solution File, Format Version 12.00
# Visual Studio 15
VisualStudioVersion = 15.0.28307.271
MinimumVisualStudioVersion = 10.0.40219.1
Project("{FAE04EC0-301F-11D3-BF4B-00C04F79EFBC}") = "NetPointDNS", "NetPointDNS\NetPointDNS.csproj", "{C2A9CC3C-EA78-4F12-9335-698C7D05C94F}"
EndProject
Project("{FAE04EC0-301F-11D3-BF4B-00C04F79EFBC}") = "NetPointDNS.Tests", "NetPointDNS.Tests\NetPointDNS.Tests.csproj", "{16537D83-4554-4FBB-9FBF-901F9A8FAB58}"
EndProject
Global
	GlobalSection(SolutionConfigurationPlatforms) = preSolution
		Debug|Any CPU = Debug|Any CPU
		Release|Any CPU = Release|Any CPU
	EndGlobalSection
	GlobalSection(ProjectConfigurationPlatforms) = postSolution
		{C2A9CC3C-EA78-4F12-9335-698C7D05C94F}.Debug|Any CPU.ActiveCfg = Debug|Any CPU
		{C2A9CC3C-EA78-4F12-9335-698C7D05C94F}.Debug|Any CPU.Build.0 = Debug|Any CPU
		{C2A9CC3C-EA78-4F12-9335-698C7D05C94F}.Release|Any CPU.ActiveCfg = Release|Any CPU
		{C2A9CC3C-EA78-4F12-9335-698C7D05C94F}.Release|Any CPU.Build.0 = Release|Any CPU
		{16537D83-4554-4FBB-9FBF-901F9A8FAB58}.Debug|Any CPU.ActiveCfg = Debug|Any CPU
		{16537D83-4554-4FBB-9FBF-901F9A8FAB58}.Debug|Any CPU.Build.0 = Debug|Any CPU
		{16537D83-4554-4FBB-9FBF-901F9A8FAB58}.Release|Any CPU.ActiveCfg = Release|Any CPU
		{16537D83-4554-4FBB-9FBF-901F9A8FAB58}.Release|Any CPU.Build.0 = Release|Any CPU
	EndGlobalSection
	GlobalSection(SolutionProperties) = preSolution
		HideSolutionNode = FALSE
	EndGlobalSection
	GlobalSection(ExtensibilityGlobals) = postSolution
		SolutionGuid = {9FF8E002-F665-4D2C-8C6C-EFB8DB8A57B6}
	EndGlobalSection
EndGlobal
